
Microsoft Visual Studio Solution File, Format Version 12.00
# Visual Studio Version 16
VisualStudioVersion = 16.0.28917.181
MinimumVisualStudioVersion = 10.0.40219.1
Project("{9A19103F-16F7-4668-BE54-9A1E7A4F7556}") = "TestEtoOpenTK", "TestEtoOpenTK\TestEtoOpenTK.csproj", "{66C691D6-557F-4477-BF96-FA5BC92C715B}"
EndProject
Project("{9A19103F-16F7-4668-BE54-9A1E7A4F7556}") = "Eto.OpenTK", "Eto.OpenTK\Eto.OpenTK.csproj", "{510CE98D-2169-48A0-889C-E743417EE5E1}"
EndProject
Project("{2150E333-8FDC-42A3-9474-1A3956D46DE8}") = "Build", "Build", "{A4E13914-032E-461F-BC5C-5A88D42AE19D}"
	ProjectSection(SolutionItems) = preProject
		azure-pipelines.yml = azure-pipelines.yml
		Directory.Build.props = Directory.Build.props
	EndProjectSection
EndProject
Project("{9A19103F-16F7-4668-BE54-9A1E7A4F7556}") = "Eto.OpenTK.Gtk", "Eto.OpenTK.Gtk\Eto.OpenTK.Gtk.csproj", "{8A082C5C-46BA-4E17-98B5-11D089199EC4}"
EndProject
Project("{9A19103F-16F7-4668-BE54-9A1E7A4F7556}") = "TestEtoOpenTK.Gtk", "TestEtoOpenTK.Gtk\TestEtoOpenTK.Gtk.csproj", "{1A918FDB-1DC2-4075-AF0F-E9C26AC48858}"
EndProject
Global
	GlobalSection(SolutionConfigurationPlatforms) = preSolution
		Debug|Linux = Debug|Linux
		Debug|Mac = Debug|Mac
		Debug|Windows = Debug|Windows
		Release|Linux = Release|Linux
		Release|Mac = Release|Mac
		Release|Windows = Release|Windows
	EndGlobalSection
	GlobalSection(ProjectConfigurationPlatforms) = postSolution
		{66C691D6-557F-4477-BF96-FA5BC92C715B}.Debug|Linux.ActiveCfg = Debug|Any CPU
		{66C691D6-557F-4477-BF96-FA5BC92C715B}.Debug|Linux.Build.0 = Debug|Any CPU
		{66C691D6-557F-4477-BF96-FA5BC92C715B}.Debug|Mac.ActiveCfg = Debug|Any CPU
		{66C691D6-557F-4477-BF96-FA5BC92C715B}.Debug|Mac.Build.0 = Debug|Any CPU
		{66C691D6-557F-4477-BF96-FA5BC92C715B}.Debug|Windows.ActiveCfg = Debug|Any CPU
		{66C691D6-557F-4477-BF96-FA5BC92C715B}.Debug|Windows.Build.0 = Debug|Any CPU
		{66C691D6-557F-4477-BF96-FA5BC92C715B}.Release|Linux.ActiveCfg = Release|Any CPU
		{66C691D6-557F-4477-BF96-FA5BC92C715B}.Release|Linux.Build.0 = Release|Any CPU
		{66C691D6-557F-4477-BF96-FA5BC92C715B}.Release|Mac.ActiveCfg = Release|Any CPU
		{66C691D6-557F-4477-BF96-FA5BC92C715B}.Release|Mac.Build.0 = Release|Any CPU
		{66C691D6-557F-4477-BF96-FA5BC92C715B}.Release|Windows.ActiveCfg = Release|Any CPU
		{66C691D6-557F-4477-BF96-FA5BC92C715B}.Release|Windows.Build.0 = Release|Any CPU
		{510CE98D-2169-48A0-889C-E743417EE5E1}.Debug|Linux.ActiveCfg = Debug|Any CPU
		{510CE98D-2169-48A0-889C-E743417EE5E1}.Debug|Linux.Build.0 = Debug|Any CPU
		{510CE98D-2169-48A0-889C-E743417EE5E1}.Debug|Mac.ActiveCfg = Debug|Any CPU
		{510CE98D-2169-48A0-889C-E743417EE5E1}.Debug|Mac.Build.0 = Debug|Any CPU
		{510CE98D-2169-48A0-889C-E743417EE5E1}.Debug|Windows.ActiveCfg = Debug|Any CPU
		{510CE98D-2169-48A0-889C-E743417EE5E1}.Debug|Windows.Build.0 = Debug|Any CPU
		{510CE98D-2169-48A0-889C-E743417EE5E1}.Release|Linux.ActiveCfg = Release|Any CPU
		{510CE98D-2169-48A0-889C-E743417EE5E1}.Release|Linux.Build.0 = Release|Any CPU
		{510CE98D-2169-48A0-889C-E743417EE5E1}.Release|Mac.ActiveCfg = Release|Any CPU
		{510CE98D-2169-48A0-889C-E743417EE5E1}.Release|Mac.Build.0 = Release|Any CPU
		{510CE98D-2169-48A0-889C-E743417EE5E1}.Release|Windows.ActiveCfg = Release|Any CPU
		{510CE98D-2169-48A0-889C-E743417EE5E1}.Release|Windows.Build.0 = Release|Any CPU
		{8A082C5C-46BA-4E17-98B5-11D089199EC4}.Debug|Linux.ActiveCfg = Debug|Any CPU
		{8A082C5C-46BA-4E17-98B5-11D089199EC4}.Debug|Linux.Build.0 = Debug|Any CPU
		{8A082C5C-46BA-4E17-98B5-11D089199EC4}.Debug|Mac.ActiveCfg = Debug|Any CPU
		{8A082C5C-46BA-4E17-98B5-11D089199EC4}.Debug|Mac.Build.0 = Debug|Any CPU
		{8A082C5C-46BA-4E17-98B5-11D089199EC4}.Debug|Windows.ActiveCfg = Debug|Any CPU
		{8A082C5C-46BA-4E17-98B5-11D089199EC4}.Debug|Windows.Build.0 = Debug|Any CPU
		{8A082C5C-46BA-4E17-98B5-11D089199EC4}.Release|Linux.ActiveCfg = Release|Any CPU
		{8A082C5C-46BA-4E17-98B5-11D089199EC4}.Release|Linux.Build.0 = Release|Any CPU
		{8A082C5C-46BA-4E17-98B5-11D089199EC4}.Release|Mac.ActiveCfg = Release|Any CPU
		{8A082C5C-46BA-4E17-98B5-11D089199EC4}.Release|Mac.Build.0 = Release|Any CPU
		{8A082C5C-46BA-4E17-98B5-11D089199EC4}.Release|Windows.ActiveCfg = Release|Any CPU
		{8A082C5C-46BA-4E17-98B5-11D089199EC4}.Release|Windows.Build.0 = Release|Any CPU
		{1A918FDB-1DC2-4075-AF0F-E9C26AC48858}.Debug|Linux.ActiveCfg = Debug|Any CPU
		{1A918FDB-1DC2-4075-AF0F-E9C26AC48858}.Debug|Linux.Build.0 = Debug|Any CPU
		{1A918FDB-1DC2-4075-AF0F-E9C26AC48858}.Debug|Mac.ActiveCfg = Debug|Any CPU
		{1A918FDB-1DC2-4075-AF0F-E9C26AC48858}.Debug|Mac.Build.0 = Debug|Any CPU
		{1A918FDB-1DC2-4075-AF0F-E9C26AC48858}.Debug|Windows.ActiveCfg = Debug|Any CPU
		{1A918FDB-1DC2-4075-AF0F-E9C26AC48858}.Debug|Windows.Build.0 = Debug|Any CPU
		{1A918FDB-1DC2-4075-AF0F-E9C26AC48858}.Release|Linux.ActiveCfg = Release|Any CPU
		{1A918FDB-1DC2-4075-AF0F-E9C26AC48858}.Release|Linux.Build.0 = Release|Any CPU
		{1A918FDB-1DC2-4075-AF0F-E9C26AC48858}.Release|Mac.ActiveCfg = Release|Any CPU
		{1A918FDB-1DC2-4075-AF0F-E9C26AC48858}.Release|Mac.Build.0 = Release|Any CPU
		{1A918FDB-1DC2-4075-AF0F-E9C26AC48858}.Release|Windows.ActiveCfg = Release|Any CPU
		{1A918FDB-1DC2-4075-AF0F-E9C26AC48858}.Release|Windows.Build.0 = Release|Any CPU
	EndGlobalSection
	GlobalSection(SolutionProperties) = preSolution
		HideSolutionNode = FALSE
	EndGlobalSection
	GlobalSection(ExtensibilityGlobals) = postSolution
		SolutionGuid = {7B6C542A-8C6C-4200-8971-67942032E485}
	EndGlobalSection
EndGlobal
